GEM
  remote: https://rubygems.org/
  specs:
    bigdecimal (4.0.1)
    byebug (11.0.1)
    csv (3.3.5)
    date (3.5.1)
    hashdiff (1.0.1)
    httparty (0.24.0)
      csv
      mini_mime (>= 1.0.0)
      multi_xml (>= 0.5.2)
    json (2.3.1)
    logger (1.7.0)
    mail (2.9.1)
      logger
      mini_mime (>= 0.1.1)
      net-imap
      net-pop
      net-smtp
    mini_mime (1.1.5)
    mini_portile2 (2.8.9)
    multi_xml (0.8.1)
      bigdecimal (>= 3.1, < 5)
    net-imap (0.6.6)
      date
      net-protocol
    net-pop (0.1.2)
      net-protocol
    net-protocol (0.3.0)
      timeout
    net-smtp (0.5.1)
      net-protocol
    nokogiri (1.19.4)
      mini_portile2 (~> 2.8.2)
      racc (~> 1.4)
    pony (1.13.1)
      mail (>= 2.0)
    racc (1.8.1)
    timeout (0.6.1)

PLATFORMS
  ruby

DEPENDENCIES
  byebug (~> 11.0.0)
  hashdiff (~> 1.0.0)
  httparty (~> 0.24.0)
  json (~> 2.3.0)
  nokogiri (~> 1.19.4)
  pony (~> 1.13.0)

BUNDLED WITH
   2.3.10
